
Microsoft Visual Studio Solution File, Format Version 12.00
# Visual Studio 15
VisualStudioVersion = 15.0.28307.271
MinimumVisualStudioVersion = 10.0.40219.1
Project("{FAE04EC0-301F-11D3-BF4B-00C04F79EFBC}") = "Generate_Procedure", "Generate_Procedure\Generate_Procedure.csproj", "{20C2F860-D3FD-49A2-90E3-32A6364C2D36}"
EndProject
Global
	GlobalSection(SolutionConfigurationPlatforms) = preSolution
		Debug|Any CPU = Debug|Any CPU
		Release|Any CPU = Release|Any CPU
	EndGlobalSection
	GlobalSection(ProjectConfigurationPlatforms) = postSolution
		{20C2F860-D3FD-49A2-90E3-32A6364C2D36}.Debug|Any CPU.ActiveCfg = Debug|Any CPU
		{20C2F860-D3FD-49A2-90E3-32A6364C2D36}.Debug|Any CPU.Build.0 = Debug|Any CPU
		{20C2F860-D3FD-49A2-90E3-32A6364C2D36}.Release|Any CPU.ActiveCfg = Release|Any CPU
		{20C2F860-D3FD-49A2-90E3-32A6364C2D36}.Release|Any CPU.Build.0 = Release|Any CPU
	EndGlobalSection
	GlobalSection(SolutionProperties) = preSolution
		HideSolutionNode = FALSE
	EndGlobalSection
	GlobalSection(ExtensibilityGlobals) = postSolution
		SolutionGuid = {88483B66-3ED5-4065-B04E-CCF557E866CB}
	EndGlobalSection
EndGlobal
